
Microsoft Visual Studio Solution File, Format Version 12.00
# Visual Studio 15
VisualStudioVersion = 15.0.28307.705
MinimumVisualStudioVersion = 10.0.40219.1
Project("{FAE04EC0-301F-11D3-BF4B-00C04F79EFBC}") = "Help_desk", "Help_desk\Help_desk.csproj", "{00869B20-1DEF-40D8-BDD8-C1BD04B3D767}"
EndProject
Global
	GlobalSection(SolutionConfigurationPlatforms) = preSolution
		Debug|Any CPU = Debug|Any CPU
		Release|Any CPU = Release|Any CPU
	EndGlobalSection
	GlobalSection(ProjectConfigurationPlatforms) = postSolution
		{00869B20-1DEF-40D8-BDD8-C1BD04B3D767}.Debug|Any CPU.ActiveCfg = Debug|Any CPU
		{00869B20-1DEF-40D8-BDD8-C1BD04B3D767}.Debug|Any CPU.Build.0 = Debug|Any CPU
		{00869B20-1DEF-40D8-BDD8-C1BD04B3D767}.Release|Any CPU.ActiveCfg = Release|Any CPU
		{00869B20-1DEF-40D8-BDD8-C1BD04B3D767}.Release|Any CPU.Build.0 = Release|Any CPU
	EndGlobalSection
	GlobalSection(SolutionProperties) = preSolution
		HideSolutionNode = FALSE
	EndGlobalSection
	GlobalSection(ExtensibilityGlobals) = postSolution
		SolutionGuid = {70043BA6-8809-4C51-8C0A-02A4DF69CAD4}
	EndGlobalSection
EndGlobal
